{
    "_meta": {
        "hash": {
            "sha256": "d121879262be8034f2134c9a955c61ef05c759ea887b516a27fa64846545dd1d"
        },
        "pipfile-spec": 6,
        "requires": {
            "python_version": "3.9"
        },
        "sources": [
            {
                "name": "pypi",
                "url": "https://pypi.org/simple",
                "verify_ssl": true
            }
        ]
    },
    "default": {
        "certifi": {
            "hashes": [
                "sha256:35824b4c3a97115964b408844d64aa14db1cc518f6562e8d7261699d1350a9e3",
                "sha256:4ad3232f5e926d6718ec31cfc1fcadfde020920e278684144551c91769c7bc18"
            ],
            "index": "pypi",
            "version": "==2022.12.7"
        },
        "charset-normalizer": {
            "hashes": [
                "sha256:2857e29ff0d34db842cd7ca3230549d1a697f96ee6d3fb071cfa6c7393832597",
                "sha256:6881edbebdb17b39b4eaaa821b438bf6eddffb4468cf344f09f89def34a8b1df"
            ],
            "markers": "python_version >= '3'",
            "version": "==2.0.12"
        },
        "colorama": {
            "hashes": [
                "sha256:5941b2b48a20143d2267e95b1c2a7603ce057ee39fd88e7329b0c292aa16869b",
                "sha256:9f47eda37229f68eee03b24b9748937c7dc3868f906e8ba69fbcbdd3bc5dc3e2"
            ],
            "index": "pypi",
            "version": "==0.4.4"
        },
        "idna": {
            "hashes": [
                "sha256:814f528e8dead7d329833b91c5faa87d60bf71824cd12a7530b5526063d02cb4",
                "sha256:90b77e79eaa3eba6de819a0c442c0b4ceefc341a7a2ab77d7562bf49f425c5c2"
            ],
            "markers": "python_version >= '3'",
            "version": "==3.4"
        },
        "jaconv": {
            "hashes": [
                "sha256:cc70c796c19a6765598c03eac59d1399a555a9a8839cc70e540ec26f0ec3e66e"
            ],
            "index": "pypi",
            "version": "==0.3"
        },
        "nuitka": {
            "hashes": [
                "sha256:daf49f423e713f01484503da5c2e0b76523d2481d8bd1d6db5ecbf853fb081c2"
            ],
            "index": "pypi",
            "version": "==0.6.18.6"
        },
        "requests": {
            "hashes": [
                "sha256:6c1246513ecd5ecd4528a0906f910e8f0f9c6b8ec72030dc9fd154dc1a6efd24",
                "sha256:b8aa58f8cf793ffd8782d3d8cb19e66ef36f7aba4353eec859e74678b01b07a7"
            ],
            "index": "pypi",
            "version": "==2.26.0"
        },
        "ruamel.yaml": {
            "hashes": [
                "sha256:742b35d3d665023981bd6d16b3d24248ce5df75fdb4e2924e93a05c1f8b61ca7",
                "sha256:8b7ce697a2f212752a35c1ac414471dc16c424c9573be4926b56ff3f5d23b7af"
            ],
            "index": "pypi",
            "version": "==0.17.21"
        },
        "ruamel.yaml.clib": {
            "hashes": [
                "sha256:045e0626baf1c52e5527bd5db361bc83180faaba2ff586e763d3d5982a876a9e",
                "sha256:15910ef4f3e537eea7fe45f8a5d19997479940d9196f357152a09031c5be59f3",
                "sha256:184faeaec61dbaa3cace407cffc5819f7b977e75360e8d5ca19461cd851a5fc5",
                "sha256:1f08fd5a2bea9c4180db71678e850b995d2a5f4537be0e94557668cf0f5f9497",
                "sha256:2aa261c29a5545adfef9296b7e33941f46aa5bbd21164228e833412af4c9c75f",
                "sha256:3110a99e0f94a4a3470ff67fc20d3f96c25b13d24c6980ff841e82bafe827cac",
                "sha256:3243f48ecd450eddadc2d11b5feb08aca941b5cd98c9b1db14b2fd128be8c697",
                "sha256:370445fd795706fd291ab00c9df38a0caed0f17a6fb46b0f607668ecb16ce763",
                "sha256:40d030e2329ce5286d6b231b8726959ebbe0404c92f0a578c0e2482182e38282",
                "sha256:41d0f1fa4c6830176eef5b276af04c89320ea616655d01327d5ce65e50575c94",
                "sha256:4a4d8d417868d68b979076a9be6a38c676eca060785abaa6709c7b31593c35d1",
                "sha256:4b3a93bb9bc662fc1f99c5c3ea8e623d8b23ad22f861eb6fce9377ac07ad6072",
                "sha256:5bc0667c1eb8f83a3752b71b9c4ba55ef7c7058ae57022dd9b29065186a113d9",
                "sha256:721bc4ba4525f53f6a611ec0967bdcee61b31df5a56801281027a3a6d1c2daf5",
                "sha256:763d65baa3b952479c4e972669f679fe490eee058d5aa85da483ebae2009d231",
                "sha256:7bdb4c06b063f6fd55e472e201317a3bb6cdeeee5d5a38512ea5c01e1acbdd93",
                "sha256:8831a2cedcd0f0927f788c5bdf6567d9dc9cc235646a434986a852af1cb54b4b",
                "sha256:91a789b4aa0097b78c93e3dc4b40040ba55bef518f84a40d4442f713b4094acb",
                "sha256:92460ce908546ab69770b2e576e4f99fbb4ce6ab4b245345a3869a0a0410488f",
                "sha256:99e77daab5d13a48a4054803d052ff40780278240a902b880dd37a51ba01a307",
                "sha256:a234a20ae07e8469da311e182e70ef6b199d0fbeb6c6cc2901204dd87fb867e8",
                "sha256:a7b301ff08055d73223058b5c46c55638917f04d21577c95e00e0c4d79201a6b",
                "sha256:be2a7ad8fd8f7442b24323d24ba0b56c51219513cfa45b9ada3b87b76c374d4b",
                "sha256:bf9a6bc4a0221538b1a7de3ed7bca4c93c02346853f44e1cd764be0023cd3640",
                "sha256:c3ca1fbba4ae962521e5eb66d72998b51f0f4d0f608d3c0347a48e1af262efa7",
                "sha256:d000f258cf42fec2b1bbf2863c61d7b8918d31ffee905da62dede869254d3b8a",
                "sha256:d5859983f26d8cd7bb5c287ef452e8aacc86501487634573d260968f753e1d71",
                "sha256:d5e51e2901ec2366b79f16c2299a03e74ba4531ddcfacc1416639c557aef0ad8",
                "sha256:debc87a9516b237d0466a711b18b6ebeb17ba9f391eb7f91c649c5c4ec5006c7",
                "sha256:df5828871e6648db72d1c19b4bd24819b80a755c4541d3409f0f7acd0f335c80",
                "sha256:ecdf1a604009bd35c674b9225a8fa609e0282d9b896c03dd441a91e5f53b534e",
                "sha256:efa08d63ef03d079dcae1dfe334f6c8847ba8b645d08df286358b1f5293d24ab",
                "sha256:f01da5790e95815eb5a8a138508c01c758e5f5bc0ce4286c4f7028b8dd7ac3d0",
                "sha256:f34019dced51047d6f70cb9383b2ae2853b7fc4dce65129a5acd49f4f9256646"
            ],
            "markers": "python_version < '3.11' and platform_python_implementation == 'CPython'",
            "version": "==0.2.7"
        },
        "twitter": {
            "hashes": [
                "sha256:06eac7ee7f2a14ddeb680671ff07450984f6d254334f5db8dd69547dd1e179c5",
                "sha256:a56ff9575fbd50a51ce91107dcb5a4c3fd00c2ba1bcb172ce538b0948d3626e6"
            ],
            "index": "pypi",
            "version": "==1.19.3"
        },
        "urllib3": {
            "hashes": [
                "sha256:47cc05d99aaa09c9e72ed5809b60e7ba354e64b59c9c173ac3018642d8bb41fc",
                "sha256:c083dd0dce68dbfbe1129d5271cb90f9447dea7d52097c6e0126120c521ddea8"
            ],
            "markers": "python_version >= '2.7' and python_version not in '3.0, 3.1, 3.2, 3.3, 3.4, 3.5'",
            "version": "==1.26.13"
        },
        "zstandard": {
            "hashes": [
                "sha256:066488e721ec882485a500c216302b443f2eaef39356f7c65130e76c671e3ce2",
                "sha256:08a728715858f1477239887ba3c692bc462b2c86e7a8e467dc5affa7bba9093f",
                "sha256:11216b47c62e9fc71a25f4b42f525a81da268071bdb434bc1e642ffc38a24a02",
                "sha256:127c4c93f578d9b509732c74ed9b44b23e94041ba11b13827be0a7d2e3869b39",
                "sha256:12dddee2574b00c262270cfb46bd0c048e92208b95fdd39ad2a9eac1cef30498",
                "sha256:1bdda52224043e13ed20f847e3b308de1c9372d1563824fad776b1cf1f847ef0",
                "sha256:2e31680d1bcf85e7a58a45df7365af894402ae77a9868c751dc991dd13099a5f",
                "sha256:42992e89b250fe6878c175119af529775d4be7967cd9de86990145d615d6a444",
                "sha256:453e42af96923582ddbf3acf843f55d2dc534a3f7b345003852dd522aa51eae6",
                "sha256:4d8a296dab7f8f5d53acc693a6785751f43ca39b51c8eabc672f978306fb40e6",
                "sha256:5251ac352d8350869c404a0ca94457da018b726f692f6456ec82bbf907fbc956",
                "sha256:57a6cfc34d906d514358769ed6d510b312be1cf033aafb5db44865a6717579bd",
                "sha256:6ed51162e270b9b8097dcae6f2c239ada05ec112194633193ec3241498988924",
                "sha256:74cbea966462afed5a89eb99e4577538d10d425e05bf6240a75c086d59ccaf89",
                "sha256:87bea44ad24c15cd872263c0d5f912186a4be3db361eab3b25f1a61dcb5ca014",
                "sha256:8a745862ed525eee4e28bdbd58bf3ea952bf9da3c31bb4e4ce11ef15aea5c625",
                "sha256:8b760fc8118b1a0aa1d8f4e2012622e8f5f178d4b8cb94f8c6d2948b6a49a485",
                "sha256:8c8c0e813b67de1c9d7f2760768c4ae53f011c75ace18d5cff4fb40d2173763f",
                "sha256:8d5fe983e23b05f0e924fe8d0dd3935f0c9fd3266e4c6ff8621c12c350da299d",
                "sha256:8f5785c0b9b71d49d789240ae16a636728596631cf100f32b963a6f9857af5a4",
                "sha256:91efd5ea5fb3c347e7ebb6d5622bfa37d72594a2dec37c5dde70b691edb6cc03",
                "sha256:92e6c1a656390176d51125847f2f422f9d8ed468c24b63958f6ee50d9aa98c83",
                "sha256:9bcbfe1ec89789239f63daeea8778488cb5ba9034a374d7753815935f83dad65",
                "sha256:a92aa26789f17ca3b1f45cc7e728597165e2b166b99d1204bb397a672edee761",
                "sha256:a9ec6de2c058e611e9dfe88d9809a5676bc1d2a53543c1273a90a60e41b8f43c",
                "sha256:ac5d97f9dece91a1162f651da79b735c5cde4d5863477785962aad648b592446",
                "sha256:ae19628886d994ac1f3d2fc7f9ed5bb551d81000f7b4e0c57a0e88301aea2766",
                "sha256:b2ea1937eff0ed5621876dc377933fe76624abfb2ab5b418995f43af6bac50de",
                "sha256:b46220bef7bf9271a2a05512e86acbabc86cca08bebde8447bdbb4acb3179447",
                "sha256:b61586b0ff55c4137e512f1e9df4e4d7a6e1e9df782b4b87652df27737c90cc1",
                "sha256:be68fbac1e88f0dbe033a2d2e3aaaf9c8307730b905f3cd3c698ca4b904f0702",
                "sha256:c75557d53bb2d064521ff20cce9b8a51ee8301e031b1d6bcedb6458dda3bc85d",
                "sha256:c7e6b6ad58ae6f77872da9376ef0ecbf8c1ae7a0c8fc29a2473abc90f79a9a1b",
                "sha256:c8828f4e78774a6c0b8d21e59677f8f48d2e17fe2ef72793c94c10abc032c41c",
                "sha256:cae9bfcb9148152f8bfb9163b4b779326ca39fe9889e45e0572c56d25d5021be",
                "sha256:ce61492764d0442ca1e81d38d7bf7847d7df5003bce28089bab64c0519749351",
                "sha256:d40447f4a44b442fa6715779ff49a1e319729d829198279927d18bca0d7ac32d",
                "sha256:d9946cfe54bf3365f14a5aa233eb2425de3b77eac6a4c7d03dda7dbb6acd3267",
                "sha256:dd5a2287893e52204e4ce9d0e1bcea6240661dbb412efb53d5446b881d3c10a2",
                "sha256:e9456492eb13249841e53221e742bef93f4868122bfc26bafa12a07677619732",
                "sha256:eaae2d3e8fdf8bfe269628385087e4b648beef85bb0c187644e7df4fb0fe9046",
                "sha256:eba125d3899f2003debf97019cd6f46f841a405df067da23d11443ad17952a40",
                "sha256:ef759c1dfe78aa5a01747d3465d2585de14e08fc2b0195ce3f31f45477fc5a72",
                "sha256:ffe1d24c5e11e98e4c5f96f846cdd19619d8c7e5e8e5082bed62d39baa30cecb"
            ],
            "index": "pypi",
            "version": "==0.16.0"
        }
    },
    "develop": {}
}
